# This file was autogenerated by Stack.
# You should not edit this file by hand.
# For more information, please see the documentation at:
#   https://docs.haskellstack.org/en/stable/lock_files

packages:
- completed:
    hackage: th-desugar-1.13@sha256:7da1786474f9ad4f5ae9b935f8c36d8e881bac33d07b7963094acbb967fa6ee5,3793
    pantry-tree:
      size: 1675
      sha256: 432b0e1cc6cf96c51f027bc32d4e27439227c50d16b6121716648c6cde160ed1
  original:
    hackage: th-desugar-1.13
- completed:
    hackage: singletons-th-3.1@sha256:5f7b1374c0f30f470a24811872cce210011f8402ce5130b6ef55098523f8dc3f,4605
    pantry-tree:
      size: 2538
      sha256: 7e6c348c2da9c79b72af45b853fbe1ef6b3ec594833774eede790265c8e7e815
  original:
    hackage: singletons-th-3.1
- completed:
    hackage: singletons-3.0.1@sha256:dacefaff89bbcb7b865a41b5325a63a8d12a3f17d72a016377119e2aa4120345,2934
    pantry-tree:
      size: 713
      sha256: 5f1e25fecb264f40344f3548112fee633fb79a45f5d6283ca836f5f71b6ed355
  original:
    hackage: singletons-3.0.1
- completed:
    hackage: singletons-base-3.1@sha256:c7c83b0da1ad6f02129d900ca8feaf6ae463a73b1935bdc199cfbacf14db31a1,7073
    pantry-tree:
      size: 24785
      sha256: 83587d2a7944c02ec199421d9a93d07b64025ac6170ac5f11211e847f064a4f7
  original:
    hackage: singletons-base-3.1
- completed:
    hackage: ghc-typelits-presburger-0.6.1.0@sha256:4bce66e47c97779dc528b21e8295ab6e5a8d5b602bad9f2111301ae9dcb698ce,3204
    pantry-tree:
      size: 836
      sha256: d59bf376630b74dcf5fa2eda7f03f25ccf30ee377a7ee30516096fc7f970f9f3
  original:
    hackage: ghc-typelits-presburger-0.6.1.0
snapshots:
- completed:
    size: 594850
    url: https://raw.githubusercontent.com/commercialhaskell/stackage-snapshots/master/nightly/2021/11/6.yaml
    sha256: b5d7eef8b8b34d08a9604179e2594a9a5025d872146556b51f9d2f7bfead834b
  original: nightly-2021-11-06
