# This file was autogenerated by Stack.
# You should not edit this file by hand.
# For more information, please see the documentation at:
#   https://docs.haskellstack.org/en/stable/lock_files

packages:
- completed:
    hackage: ghc-typelits-presburger-0.5.2.0@sha256:538ea8bc0e7debe71c3e69ffd3de02b5dc3c48cc639caa0805f023f8f7f251e3,3203
    pantry-tree:
      size: 836
      sha256: 6f3c1d295083fc602c69c270cbccebb577cfdb44b71b717cb833043e92274ad1
  original:
    hackage: ghc-typelits-presburger-0.5.2.0
snapshots:
- completed:
    size: 563098
    url: https://raw.githubusercontent.com/commercialhaskell/stackage-snapshots/master/nightly/2021/1/20.yaml
    sha256: 97841a28b47a29e798aefda350785c31823f64f31c43ba057fc6c707dfb7ead3
  original: nightly-2021-01-20
