# This file was autogenerated by Stack.
# You should not edit this file by hand.
# For more information, please see the documentation at:
#   https://docs.haskellstack.org/en/stable/lock_files

packages:
- completed:
    hackage: equational-reasoning-0.6.0.1@sha256:8a1422fb4a79f19d3e95e73f721aa764968e12768b5e2d2e2940e2db71d2e452,1737
    pantry-tree:
      size: 496
      sha256: 9ffa610397f60afd6f8843eaa4ab4b0b4fa69cdf26f6107990f07822b845a643
  original:
    hackage: equational-reasoning-0.6.0.1
- completed:
    hackage: ghc-typelits-presburger-0.3.0.0@sha256:a4c24ce3ed2bc46f91e5dd544429fc9caa42da5c3effbc09b2e4e064d325004e,2724
    pantry-tree:
      size: 528
      sha256: 20fecd68ff0be5884bf8bf5b8cfd52eb6be9d6f197c5735294e6079803a4263e
  original:
    hackage: ghc-typelits-presburger-0.3.0.0
snapshots:
- completed:
    size: 524162
    url: https://raw.githubusercontent.com/commercialhaskell/stackage-snapshots/master/lts/14/21.yaml
    sha256: 9a55dd75853718f2bbbe951872b36a3b7802fcd71796e0f25b8664f24e34c666
  original: lts-14.21
