# This file was autogenerated by Stack.
# You should not edit this file by hand.
# For more information, please see the documentation at:
#   https://docs.haskellstack.org/en/stable/lock_files

packages: []
snapshots:
- completed:
    size: 500373
    url: https://raw.githubusercontent.com/commercialhaskell/stackage-snapshots/master/nightly/2020/6/21.yaml
    sha256: 6c59f854fefb4d0cb69a2931777cc6af626ef045dfa5c99cd9ced2c3aba3bb8a
  original: nightly-2020-06-21
