# This file was autogenerated by Stack.
# You should not edit this file by hand.
# For more information, please see the documentation at:
#   https://docs.haskellstack.org/en/stable/lock_files

packages:
- completed:
    hackage: equational-reasoning-0.6.0.1@sha256:8a1422fb4a79f19d3e95e73f721aa764968e12768b5e2d2e2940e2db71d2e452,1737
    pantry-tree:
      size: 496
      sha256: 9ffa610397f60afd6f8843eaa4ab4b0b4fa69cdf26f6107990f07822b845a643
  original:
    hackage: equational-reasoning-0.6.0.1
- completed:
    hackage: ghc-typelits-presburger-0.3.0.0@sha256:dc3ff32b1cb0fc82b1bfa1c21d84dc55adca027ffb818ea67ec7c99859c5b522,2629
    pantry-tree:
      size: 528
      sha256: 8957e953ef6bb403633b0f53e5038733fee2f8e0874d1f5662683242e874f5e9
  original:
    hackage: ghc-typelits-presburger-0.3.0.0
- completed:
    hackage: singletons-presburger-0.3.0.0@sha256:f39ad9cbc1d2aea4f0e8e007be1a3cf7ec0d6ae8640c174d95ad36582f46c9c1,2180
    pantry-tree:
      size: 313
      sha256: e07fa0fd0620162dc0311e6fd6c1fa9f5244553f1a17bed8bbfa0fd056ad97d7
  original:
    hackage: singletons-presburger-0.3.0.0
snapshots:
- completed:
    size: 468735
    url: https://raw.githubusercontent.com/commercialhaskell/stackage-snapshots/master/nightly/2020/1/25.yaml
    sha256: 191ce765b625c0b0bbda9c9105ed7fc32127ac7b4d662696b43792e645c6a362
  original: nightly-2020-01-25
