# This file was autogenerated by Stack.
# You should not edit this file by hand.
# For more information, please see the documentation at:
#   https://docs.haskellstack.org/en/stable/lock_files

packages:
- completed:
    size: 10318
    url: https://github.com/mgsloan/th-expand-syns/archive/6a64927ebd6b85cc3c67c00c88c3c7c019d31573.tar.gz
    name: th-expand-syns
    version: 0.4.6.0
    sha256: 66f97fd3861e75797e55ae54009f291885214da483f56e96fa6d33174b70b010
    pantry-tree:
      size: 810
      sha256: 9107aadbfde7409ad08d517e465347e05bd1adaa5a3a36ad7a469be3c096662e
  original:
    url: https://github.com/mgsloan/th-expand-syns/archive/6a64927ebd6b85cc3c67c00c88c3c7c019d31573.tar.gz
- completed:
    size: 93941
    url: https://github.com/goldfirere/th-desugar/archive/e22709ebfc43c12fb690622eb0da09d2b3c4ba73.tar.gz
    name: th-desugar
    version: '1.12'
    sha256: 49c524359c0bb3e76902677dea29865573de7cae1fe9efd6b9469b99aeccf57c
    pantry-tree:
      size: 1952
      sha256: f97b30053ee05d4a6461ec6f7ae23f9cf0617eca2a23103a92c09bec37a47860
  original:
    url: https://github.com/goldfirere/th-desugar/archive/e22709ebfc43c12fb690622eb0da09d2b3c4ba73.tar.gz
- completed:
    hackage: syb-0.7.2.1@sha256:bf42655a213402215299e435c52f799e76cbec0b984cd7153d6b9af8a1c0803f,3815
    pantry-tree:
      size: 3396
      sha256: 3ee55cc33d69da2953e7093f99199fbc0bfa9d90dccd19cac101d09befa5bbb3
  original:
    hackage: syb-0.7.2.1
- completed:
    hackage: indexed-traversable-instances-0.1@sha256:3aaf97040001bbe583e29c2b9c7d41660df265e6565a0d2ac09a3ed5b8bc21be,2874
    pantry-tree:
      size: 427
      sha256: d69630ba4b548b72eed15553586ce7b1e574cd8e4cc5b30d506ab3a697b26502
  original:
    hackage: indexed-traversable-instances-0.1
snapshots:
- completed:
    size: 566736
    url: https://raw.githubusercontent.com/commercialhaskell/stackage-snapshots/master/nightly/2021/2/10.yaml
    sha256: 07385694af4050c656dd8c31cd695bb00a7e27d6d71537bcfe4b76b10702b160
  original: nightly-2021-02-10
