# This file was autogenerated by Stack.
# You should not edit this file by hand.
# For more information, please see the documentation at:
#   https://docs.haskellstack.org/en/stable/lock_files

packages:
- completed:
    hackage: syb-0.7.2.1@sha256:bf42655a213402215299e435c52f799e76cbec0b984cd7153d6b9af8a1c0803f,3815
    pantry-tree:
      size: 3396
      sha256: 3ee55cc33d69da2953e7093f99199fbc0bfa9d90dccd19cac101d09befa5bbb3
  original:
    hackage: syb-0.7.2.1
- completed:
    hackage: equational-reasoning-0.7.0.0@sha256:b15b8d427326b972c61b91d8faee5554b230ca4f451833e1d48c965dd85015a4,1894
    pantry-tree:
      size: 496
      sha256: edb47630fec1f88d27b9aeb5a5da0e5a000940bddfdec7661b51071d8efcaa4b
  original:
    hackage: equational-reasoning-0.7.0.0
- completed:
    hackage: indexed-traversable-instances-0.1@sha256:3aaf97040001bbe583e29c2b9c7d41660df265e6565a0d2ac09a3ed5b8bc21be,2874
    pantry-tree:
      size: 427
      sha256: d69630ba4b548b72eed15553586ce7b1e574cd8e4cc5b30d506ab3a697b26502
  original:
    hackage: indexed-traversable-instances-0.1
- completed:
    hackage: ghc-typelits-presburger-0.5.2.0@sha256:538ea8bc0e7debe71c3e69ffd3de02b5dc3c48cc639caa0805f023f8f7f251e3,3203
    pantry-tree:
      size: 836
      sha256: 6f3c1d295083fc602c69c270cbccebb577cfdb44b71b717cb833043e92274ad1
  original:
    hackage: ghc-typelits-presburger-0.5.2.0
snapshots:
- completed:
    size: 562473
    url: https://raw.githubusercontent.com/commercialhaskell/stackage-snapshots/master/nightly/2021/1/17.yaml
    sha256: 217ab7f1d59382a906fa39845ccf245759df4564846bcc4cfc859424a8f2d9e0
  original: nightly-2021-01-17
